
Microsoft Visual Studio Solution File, Format Version 12.00
# Visual Studio Version 17
VisualStudioVersion = 17.7.34221.43
MinimumVisualStudioVersion = 10.0.40219.1
Project("{FAE04EC0-301F-11D3-BF4B-00C04F79EFBC}") = "Timer_demo", "Timer_demo\Timer_demo.csproj", "{4E89C434-B6C0-452F-B00C-DA1F6F78829F}"
EndProject
Global
	GlobalSection(SolutionConfigurationPlatforms) = preSolution
		Debug|Any CPU = Debug|Any CPU
		Release|Any CPU = Release|Any CPU
	EndGlobalSection
	GlobalSection(ProjectConfigurationPlatforms) = postSolution
		{4E89C434-B6C0-452F-B00C-DA1F6F78829F}.Debug|Any CPU.ActiveCfg = Debug|Any CPU
		{4E89C434-B6C0-452F-B00C-DA1F6F78829F}.Debug|Any CPU.Build.0 = Debug|Any CPU
		{4E89C434-B6C0-452F-B00C-DA1F6F78829F}.Release|Any CPU.ActiveCfg = Release|Any CPU
		{4E89C434-B6C0-452F-B00C-DA1F6F78829F}.Release|Any CPU.Build.0 = Release|Any CPU
	EndGlobalSection
	GlobalSection(SolutionProperties) = preSolution
		HideSolutionNode = FALSE
	EndGlobalSection
	GlobalSection(ExtensibilityGlobals) = postSolution
		SolutionGuid = {19C54B1E-D470-488B-9DA8-E70C096DD49E}
	EndGlobalSection
EndGlobal
